
Microsoft Visual Studio Solution File, Format Version 12.00
# Visual Studio Version 16
VisualStudioVersion = 16.0.29102.190
MinimumVisualStudioVersion = 10.0.40219.1
Project("{FAE04EC0-301F-11D3-BF4B-00C04F79EFBC}") = "Student", "Student\Student.csproj", "{BD283352-EEA2-44B9-A154-AFF7F38DC5BD}"
EndProject
Global
	GlobalSection(SolutionConfigurationPlatforms) = preSolution
		Debug|Any CPU = Debug|Any CPU
		Release|Any CPU = Release|Any CPU
	EndGlobalSection
	GlobalSection(ProjectConfigurationPlatforms) = postSolution
		{BD283352-EEA2-44B9-A154-AFF7F38DC5BD}.Debug|Any CPU.ActiveCfg = Debug|Any CPU
		{BD283352-EEA2-44B9-A154-AFF7F38DC5BD}.Debug|Any CPU.Build.0 = Debug|Any CPU
		{BD283352-EEA2-44B9-A154-AFF7F38DC5BD}.Release|Any CPU.ActiveCfg = Release|Any CPU
		{BD283352-EEA2-44B9-A154-AFF7F38DC5BD}.Release|Any CPU.Build.0 = Release|Any CPU
	EndGlobalSection
	GlobalSection(SolutionProperties) = preSolution
		HideSolutionNode = FALSE
	EndGlobalSection
	GlobalSection(ExtensibilityGlobals) = postSolution
		SolutionGuid = {6A81DD4A-B5A9-4366-831A-F7E5CB34D29D}
	EndGlobalSection
EndGlobal
